
Microsoft Visual Studio Solution File, Format Version 12.00
# Visual Studio Version 16
VisualStudioVersion = 16.0.31321.278
MinimumVisualStudioVersion = 10.0.40219.1
Project("{9A19103F-16F7-4668-BE54-9A1E7A4F7556}") = "WpfHello", "WpfHello\WpfHello.csproj", "{321020B5-624B-4E42-9C6E-7F417AB663BC}"
EndProject
Project("{9A19103F-16F7-4668-BE54-9A1E7A4F7556}") = "WpfHelloNav", "WpfHelloNav\WpfHelloNav.csproj", "{DC5F0E9C-CF88-429E-B145-B4EA67D536EA}"
EndProject
Project("{9A19103F-16F7-4668-BE54-9A1E7A4F7556}") = "WpfRoutedEvent_2_1", "WpfRoutedEvent_2_1\WpfRoutedEvent_2_1.csproj", "{A4C64C0D-3968-4F06-ADCA-3FA7499BD825}"
EndProject
Project("{FAE04EC0-301F-11D3-BF4B-00C04F79EFBC}") = "WpfRoutedEvent_2_2", "WpfRoutedEvent_2_2\WpfRoutedEvent_2_2.csproj", "{00563B0C-1CA9-44BE-8D1A-A8C26BD4D033}"
EndProject
Project("{FAE04EC0-301F-11D3-BF4B-00C04F79EFBC}") = "UserIn1", "UserIn1\UserIn1.csproj", "{D4A0F342-4D81-454E-B78B-0192A2F28C14}"
EndProject
Project("{FAE04EC0-301F-11D3-BF4B-00C04F79EFBC}") = "UserIn2", "UserIn2\UserIn2.csproj", "{B2F91DAE-F81B-468B-9651-EA7E4FB69B6D}"
EndProject
Global
	GlobalSection(SolutionConfigurationPlatforms) = preSolution
		Debug|Any CPU = Debug|Any CPU
		Release|Any CPU = Release|Any CPU
	EndGlobalSection
	GlobalSection(ProjectConfigurationPlatforms) = postSolution
		{321020B5-624B-4E42-9C6E-7F417AB663BC}.Debug|Any CPU.ActiveCfg = Debug|Any CPU
		{321020B5-624B-4E42-9C6E-7F417AB663BC}.Debug|Any CPU.Build.0 = Debug|Any CPU
		{321020B5-624B-4E42-9C6E-7F417AB663BC}.Release|Any CPU.ActiveCfg = Release|Any CPU
		{321020B5-624B-4E42-9C6E-7F417AB663BC}.Release|Any CPU.Build.0 = Release|Any CPU
		{DC5F0E9C-CF88-429E-B145-B4EA67D536EA}.Debug|Any CPU.ActiveCfg = Debug|Any CPU
		{DC5F0E9C-CF88-429E-B145-B4EA67D536EA}.Debug|Any CPU.Build.0 = Debug|Any CPU
		{DC5F0E9C-CF88-429E-B145-B4EA67D536EA}.Release|Any CPU.ActiveCfg = Release|Any CPU
		{DC5F0E9C-CF88-429E-B145-B4EA67D536EA}.Release|Any CPU.Build.0 = Release|Any CPU
		{A4C64C0D-3968-4F06-ADCA-3FA7499BD825}.Debug|Any CPU.ActiveCfg = Debug|Any CPU
		{A4C64C0D-3968-4F06-ADCA-3FA7499BD825}.Debug|Any CPU.Build.0 = Debug|Any CPU
		{A4C64C0D-3968-4F06-ADCA-3FA7499BD825}.Release|Any CPU.ActiveCfg = Release|Any CPU
		{A4C64C0D-3968-4F06-ADCA-3FA7499BD825}.Release|Any CPU.Build.0 = Release|Any CPU
		{00563B0C-1CA9-44BE-8D1A-A8C26BD4D033}.Debug|Any CPU.ActiveCfg = Debug|Any CPU
		{00563B0C-1CA9-44BE-8D1A-A8C26BD4D033}.Debug|Any CPU.Build.0 = Debug|Any CPU
		{00563B0C-1CA9-44BE-8D1A-A8C26BD4D033}.Release|Any CPU.ActiveCfg = Release|Any CPU
		{00563B0C-1CA9-44BE-8D1A-A8C26BD4D033}.Release|Any CPU.Build.0 = Release|Any CPU
		{D4A0F342-4D81-454E-B78B-0192A2F28C14}.Debug|Any CPU.ActiveCfg = Debug|Any CPU
		{D4A0F342-4D81-454E-B78B-0192A2F28C14}.Debug|Any CPU.Build.0 = Debug|Any CPU
		{D4A0F342-4D81-454E-B78B-0192A2F28C14}.Release|Any CPU.ActiveCfg = Release|Any CPU
		{D4A0F342-4D81-454E-B78B-0192A2F28C14}.Release|Any CPU.Build.0 = Release|Any CPU
		{B2F91DAE-F81B-468B-9651-EA7E4FB69B6D}.Debug|Any CPU.ActiveCfg = Debug|Any CPU
		{B2F91DAE-F81B-468B-9651-EA7E4FB69B6D}.Debug|Any CPU.Build.0 = Debug|Any CPU
		{B2F91DAE-F81B-468B-9651-EA7E4FB69B6D}.Release|Any CPU.ActiveCfg = Release|Any CPU
		{B2F91DAE-F81B-468B-9651-EA7E4FB69B6D}.Release|Any CPU.Build.0 = Release|Any CPU
	EndGlobalSection
	GlobalSection(SolutionProperties) = preSolution
		HideSolutionNode = FALSE
	EndGlobalSection
	GlobalSection(ExtensibilityGlobals) = postSolution
		SolutionGuid = {465246D9-9E2B-4AAE-BD94-D5CC7708FE7E}
	EndGlobalSection
EndGlobal
